
Microsoft Visual Studio Solution File, Format Version 12.00
# Visual Studio Version 17
VisualStudioVersion = 17.9.34723.18
MinimumVisualStudioVersion = 10.0.40219.1
Project("{9A19103F-16F7-4668-BE54-9A1E7A4F7556}") = "GeometricShape", "GeometricShape\GeometricShape.csproj", "{3F0F5056-0757-4CA3-A647-AF568C8B011D}"
EndProject
Project("{FAE04EC0-301F-11D3-BF4B-00C04F79EFBC}") = "GeometricShape.Tests", "GeometricShape.Tests\GeometricShape.Tests.csproj", "{D0F5783C-FB65-4CC9-99FC-30877AD51741}"
EndProject
Global
	GlobalSection(SolutionConfigurationPlatforms) = preSolution
		Debug|Any CPU = Debug|Any CPU
		Release|Any CPU = Release|Any CPU
	EndGlobalSection
	GlobalSection(ProjectConfigurationPlatforms) = postSolution
		{3F0F5056-0757-4CA3-A647-AF568C8B011D}.Debug|Any CPU.ActiveCfg = Debug|Any CPU
		{3F0F5056-0757-4CA3-A647-AF568C8B011D}.Debug|Any CPU.Build.0 = Debug|Any CPU
		{3F0F5056-0757-4CA3-A647-AF568C8B011D}.Release|Any CPU.ActiveCfg = Release|Any CPU
		{3F0F5056-0757-4CA3-A647-AF568C8B011D}.Release|Any CPU.Build.0 = Release|Any CPU
		{D0F5783C-FB65-4CC9-99FC-30877AD51741}.Debug|Any CPU.ActiveCfg = Debug|Any CPU
		{D0F5783C-FB65-4CC9-99FC-30877AD51741}.Debug|Any CPU.Build.0 = Debug|Any CPU
		{D0F5783C-FB65-4CC9-99FC-30877AD51741}.Release|Any CPU.ActiveCfg = Release|Any CPU
		{D0F5783C-FB65-4CC9-99FC-30877AD51741}.Release|Any CPU.Build.0 = Release|Any CPU
	EndGlobalSection
	GlobalSection(SolutionProperties) = preSolution
		HideSolutionNode = FALSE
	EndGlobalSection
	GlobalSection(ExtensibilityGlobals) = postSolution
		SolutionGuid = {4034D336-AC34-415D-B1C7-1FF08EAD619B}
	EndGlobalSection
EndGlobal
